{
  "name": "batsched",
  "version": "0.1.0",
  "lockfileVersion": 3,
  "requires": true,
  "packages": {
    "": {
      "name": "batsched",
      "version": "0.1.0",
      "dependencies": {
        "@capacitor/android": "^6.0.0",
        "@capacitor/core": "^6.0.0"
      },
      "devDependencies": {
        "@capacitor/cli": "^6.0.0"
      },
      "engines": {
        "node": ">=16.0.0"
      }
    },
    "node_modules/@capacitor/android": {
      "version": "6.1.2",
      "resolved": "https://registry.npmjs.org/@capacitor/android/-/android-6.1.2.tgz",
      "integrity": "sha512-9HMDHpBU5F5HEFoV+t5s2iGIkA5uRqRgMCVBJdPe6W38G3VMjf1RKpqOKNdUpSjJVz4/g4f+WXnlXJ3fy7MKIg==",
      "engines": {
        "node": "^16.0.0 || ^18.0.0 || >=20.0.0"
      },
      "peerDependencies": {
        "@capacitor/core": "^6.0.0"
      }
    },
    "node_modules/@capacitor/cli": {
      "version": "6.1.2",
      "resolved": "https://registry.npmjs.org/@capacitor/cli/-/cli-6.1.2.tgz",
      "integrity": "sha512-rFJdNdJKjhUkmtX5y0baLEFLjBTUrKNb/jdZl7JZXI/BdDTXxe/DWkF2LLHOUwxGhQ6nJe/tBP+gOHtIwYNf+A==",
      "dev": true,
      "dependencies": {
        "@ionic/cli-framework-output": "^2.2.8",
        "@ionic/utils-fs": "^3.1.7",
        "@ionic/utils-terminal": "^2.3.5",
        "commander": "^9.4.1",
        "kleur": "^4.1.5",
        "native-run": "^2.0.1",
        "open": "^8.4.2",
        "plist": "^3.1.0",
        "prompts": "^2.4.2",
        "semver": "^7.5.4"
      },
      "bin": {
        "cap": "bin/capacitor",
        "capacitor": "bin/capacitor"
      },
      "engines": {
        "node": "^16.0.0 || ^18.0.0 || >=20.0.0"
      },
      "optionalDependencies": {
        "@capacitor/android": "*",
        "@capacitor/ios": "*"
      }
    },
    "node_modules/@capacitor/core": {
      "version": "6.1.2",
      "resolved": "https://registry.npmjs.org/@capacitor/core/-/core-6.1.2.tgz",
      "integrity": "sha512-bQ0WqIv6qLr3Q7wXLXX5xZUc8sjyJ4zL/O2NsEoIoVT0pRHCtFD6HKNS1Bg0Xz2XJyNfvWpxf7DbPzGVaZfcGA=="
    }
  }
}
